github.com/davecgh/go-spew v1.1.1 h1:vj9j/u1bqnvCEfJOwUhtlOARqs3+rkHYY13jYWTU97c=
github.com/davecgh/go-spew v1.1.1/go.mod h1:J7Y8YcW2NihsgmVo/mv3lAwl/skON4iLHjSsI+c5H38=
github.com/dlclark/regexp2 v1.11.0 h1:G/nrcoOa7ZXlpoa/91N3X7mM3r8eIlMBBJZvsz/mxKI=
github.com/dlclark/regexp2 v1.11.0/go.mod h1:DHkYz0B9wPfa6wondMfaivmHpzrQ3v9q8cnmRbL6yW8=
github.com/frankban/quicktest v1.14.6 h1:7Xjx+VpznH+oBnejlPUj8oUpdxnVs4f8XU8WnHkI4W8=
github.com/frankban/quicktest v1.14.6/go.mod h1:4ptaffx2x8+WTWXmUCuVU6aPUX1/Mz7zb5vbUoiM6w0=
github.com/go-logr/logr v1.4.2 h1:6pFjapn8bFcIbiKo3XT4j/BhANplGihG6tvd+8rYgrY=
github.com/go-logr/logr v1.4.2/go.mod h1:9T104GzyrTigFIr8wt5mBrctHMim0Nb2HLGrmQ40KvY=
github.com/go-logr/stdr v1.2.2 h1:hSWxHoqTgW2S2qGc0LTAI563KZ5YKYRhT3MFKZMbjag=
github.com/go-logr/stdr v1.2.2/go.mod h1:mMo/vtBO5dYbehREoey6XUKy/eSumjCCveDpRre4VKE=
github.com/golang/protobuf v1.5.4 h1:i7eJL8qZTpSEXOPTxNKhASYpMn+8e5Q6AdndVa1dWek=
github.com/golang/protobuf v1.5.4/go.mod h1:lnTiLA8Wa4RWRcIUkrtSVa5nRhsEGBg48fD6rSs7xps=
github.com/google/go-cmp v0.7.0 h1:wk8382ETsv4JYUZwIsn6YpYiWiBsYLSJiTsyBybVuN8=
github.com/google/go-cmp v0.7.0/go.mod h1:pXiqmnSA92OHEEa9HXL2W4E7lf9JzCmGVUdgjX3N/iU=
github.com/google/jsonschema-go v0.4.2 h1:tmrUohrwoLZZS/P3x7ex0WAVknEkBZM46iALbcqoRA8=
github.com/google/jsonschema-go v0.4.2/go.mod h1:r5quNTdLOYEz95Ru18zA0ydNbBuYoo9tgaYcxEYhJVE=
github.com/google/uuid v1.6.0 h1:NIvaJDMOsjHA8n1jAhLSgzrAzy1Hgr+hNrb57e+94F0=
github.com/google/uuid v1.6.0/go.mod h1:TIyPZe4MgqvfeYDBFedMoGGpEw/LqOeaOT+nhxU+yHo=
github.com/kr/pretty v0.3.1 h1:flRD4NNwYAUpkphVc1HcthR4KEIFJ65n8Mw5qdRn3LE=
github.com/kr/pretty v0.3.1/go.mod h1:hoEshYVHaxMs3cyo3Yncou5ZscifuDolrwPKZanG3xk=
github.com/kr/text v0.2.0 h1:5Nx0Ya0ZqY2ygV366QzturHI13Jq95ApcVaJBhpS+AY=
github.com/kr/text v0.2.0/go.mod h1:eLer722TekiGuMkidMxC/pM04lWEeraHUUmBw8l2grE=
github.com/mark3labs/mcp-go v1.0.0 h1:CZqCzXwUiTOstkIdW1MyOZGuM+LaKMEJSu+ZYluN4DU=
github.com/mark3labs/mcp-go v1.0.0/go.mod h1:r2fW4o3wsoJ7IMsx1Wuq5xeP8PRGXPDfNveoGAYbb/s=
github.com/pmezard/go-difflib v1.0.0 h1:4DBwDE0NGyQoBHbLQYPwSUPoCMWR5BEzIk/f1lZbAQM=
github.com/pmezard/go-difflib v1.0.0/go.mod h1:iKH77koFhYxTK1pcRnkKkqfTogsbg7gZNVY4sRDYZ/4=
github.com/rogpeppe/go-internal v1.14.1 h1:UQB4HGPB6osV0SQTLymcB4TgvyWu6ZyliaW0tI/otEQ=
github.com/rogpeppe/go-internal v1.14.1/go.mod h1:MaRKkUm5W0goXpeCfT7UZI6fk/L7L7so1lCWt35ZSgc=
github.com/santhosh-tekuri/jsonschema/v6 v6.0.2 h1:KRzFb2m7YtdldCEkzs6KqmJw4nqEVZGK7IN2kJkjTuQ=
github.com/santhosh-tekuri/jsonschema/v6 v6.0.2/go.mod h1:JXeL+ps8p7/KNMjDQk3TCwPpBy0wYklyWTfbkIzdIFU=
github.com/spf13/cast v1.7.1 h1:cuNEagBQEHWN1FnbGEjCXL2szYEXqfJPbP2HNUaca9Y=
github.com/spf13/cast v1.7.1/go.mod h1:ancEpBxwJDODSW/UG4rDrAqiKolqNNh2DX3mk86cAdo=
github.com/stretchr/testify v1.11.1 h1:7s2iGBzp5EwR7/aIZr8ao5+dra3wiQyKjjFuvgVKu7U=
github.com/stretchr/testify v1.11.1/go.mod h1:wZwfW3scLgRK+23gO65QZefKpKQRnfz6sD981Nm4B6U=
github.com/varwof/pkcs7 v0.1.1 h1:6pstcafNQ36t9RfNVpq6Jw+El86noER1zR/aq26+0v4=
github.com/varwof/pkcs7 v0.1.1/go.mod h1:5ZDmWtTHfGamWu4DP3EutQF1MOHoMzSRovXWYbSg8qQ=
github.com/varwof/register v0.6.0 h1:LSZ4+HsW8PsuZcUrW8Duu+BXNXvPC2d6acYHXax3g0A=
github.com/varwof/register v0.6.0/go.mod h1:xNwGUBhDn0hCP5vFvcLGk7ymkg5xTGy0CHPPgxXAUVI=
github.com/varwof/types v0.6.0 h1:88xdcReaEfP/LAh4kNjhUYP824tqhI6UFLXeBk69oR8=
github.com/varwof/types v0.6.0/go.mod h1:kMpDf3NfwRGSd7OKAH6m6U41A78ITv4RwniSs+1U3Zs=
github.com/yosida95/uritemplate/v3 v3.0.2 h1:Ed3Oyj9yrmi9087+NczuL5BwkIc4wvTb5zIM+UJPGz4=
github.com/yosida95/uritemplate/v3 v3.0.2/go.mod h1:ILOh0sOhIJR3+L/8afwt/kE++YT040gmv5BQTMR2HP4=
go.opentelemetry.io/auto/sdk v1.1.0 h1:cH53jehLUN6UFLY71z+NDOiNJqDdPRaXzTel0sJySYA=
go.opentelemetry.io/auto/sdk v1.1.0/go.mod h1:3wSPjt5PWp2RhlCcmmOial7AvC4DQqZb7a7wCow3W8A=
go.opentelemetry.io/otel v1.34.0 h1:zRLXxLCgL1WyKsPVrgbSdMN4c0FMkDAskSTQP+0hdUY=
go.opentelemetry.io/otel v1.34.0/go.mod h1:OWFPOQ+h4G8xpyjgqo4SxJYdDQ/qmRH+wivy7zzx9oI=
go.opentelemetry.io/otel/metric v1.34.0 h1:+eTR3U0MyfWjRDhmFMxe2SsW64QrZ84AOhvqS7Y+PoQ=
go.opentelemetry.io/otel/metric v1.34.0/go.mod h1:CEDrp0fy2D0MvkXE+dPV7cMi8tWZwX3dmaIhwPOaqHE=
go.opentelemetry.io/otel/sdk v1.34.0 h1:95zS4k/2GOy069d321O8jWgYsW3MzVV+KuSPKp7Wr1A=
go.opentelemetry.io/otel/sdk v1.34.0/go.mod h1:0e/pNiaMAqaykJGKbi+tSjWfNNHMTxoC9qANsCzbyxU=
go.opentelemetry.io/otel/sdk/metric v1.34.0 h1:5CeK9ujjbFVL5c1PhLuStg1wxA7vQv7ce1EK0Gyvahk=
go.opentelemetry.io/otel/sdk/metric v1.34.0/go.mod h1:jQ/r8Ze28zRKoNRdkjCZxfs6YvBTG1+YIqyFVFYec5w=
go.opentelemetry.io/otel/trace v1.34.0 h1:+ouXS2V8Rd4hp4580a8q23bg0azF2nI8cqLYnC8mh/k=
go.opentelemetry.io/otel/trace v1.34.0/go.mod h1:Svm7lSjQD7kG7KJ/MUHPVXSDGz2OX4h0M2jHBhmSfRE=
golang.org/x/crypto v0.54.0 h1:YLIA59K4fiNzHzjnZt2tUJQjQtUWfWbeHBqKtk3eScw=
golang.org/x/crypto v0.54.0/go.mod h1:KWL8ny2AZdGR2cWmzeHrp2azQPGogOv+HeQaVEXC2dk=
golang.org/x/net v0.56.0 h1:Rw8j/hFzGvJUZwNBXnAtf5sVDVt+65SK2C7IxCxZt5o=
golang.org/x/net v0.56.0/go.mod h1:D3Ku6r+V6JROoZK144D2XfMHFcMq/0zSfLelVTCFKec=
golang.org/x/sys v0.47.0 h1:o7XGOvZQCADBQQ4Y7VNq2dRWQR7JmOUW8Kxx4ZsNgWs=
golang.org/x/sys v0.47.0/go.mod h1:4GL1E5IUh+htKOUEOaiffhrAeqysfVGipDYzABqnCmw=
golang.org/x/text v0.40.0 h1:Ub2Z6/xjgF1WrYQz2nuITOEegKFtiIy+rieRJ5lHZKs=
golang.org/x/text v0.40.0/go.mod h1:hpnzDAfGV753zIKo+wk3u1bVKCGPbrnF7+7LBF/UHVY=
golang.org/x/tools v0.47.0 h1:7Kn5x/d1svx/PzryTsqeoZN4TZwqeH5pGWjefhLi/1Q=
golang.org/x/tools v0.47.0/go.mod h1:dFHnyTvFWY212G+h7ZY4Vsp/K3U4/7W9TyVaAul8uCA=
google.golang.org/genproto/googleapis/rpc v0.0.0-20250218202821-56aae31c358a h1:51aaUVRocpvUOSQKM6Q7VuoaktNIaMCLuhZB6DKksq4=
google.golang.org/genproto/googleapis/rpc v0.0.0-20250218202821-56aae31c358a/go.mod h1:uRxBH1mhmO8PGhU89cMcHaXKZqO+OfakD8QQO0oYwlQ=
google.golang.org/grpc v1.72.0 h1:S7UkcVa60b5AAQTaO6ZKamFp1zMZSU0fGDK2WZLbBnM=
google.golang.org/grpc v1.72.0/go.mod h1:wH5Aktxcg25y1I3w7H69nHfXdOG3UiadoBtjh3izSDM=
google.golang.org/protobuf v1.36.5 h1:tPhr+woSbjfYvY6/GPufUoYizxw1cF/yFoxJ2fmpwlM=
google.golang.org/protobuf v1.36.5/go.mod h1:9fA7Ob0pmnwhb644+1+CVWFRbNajQ6iRojtC/QF5bRE=
gopkg.in/yaml.v3 v3.0.1 h1:fxVm/GzAzEWqLHuvctI91KS9hhNmmWOoWu0XTYJS7CA=
gopkg.in/yaml.v3 v3.0.1/go.mod h1:K4uyk7z7BCEPqu6E+C64Yfv1cQ7kz7rIZviUmN+EgEM=
